
Microsoft Visual Studio Solution File, Format Version 12.00
# Visual Studio 15
VisualStudioVersion = 15.0.28307.572
MinimumVisualStudioVersion = 10.0.40219.1
Project("{FAE04EC0-301F-11D3-BF4B-00C04F79EFBC}") = "BreathApp.Android", "BreathApp\BreathApp.Android\BreathApp.Android.csproj", "{780DFCFF-0FE8-4B44-BF38-A582FA009AF0}"
EndProject
Project("{FAE04EC0-301F-11D3-BF4B-00C04F79EFBC}") = "BreathApp.iOS", "BreathApp\BreathApp.iOS\BreathApp.iOS.csproj", "{75721CCD-E35F-4C74-9388-D7852AE0788E}"
EndProject
Project("{FAE04EC0-301F-11D3-BF4B-00C04F79EFBC}") = "BreathApp.UWP", "BreathApp\BreathApp.UWP\BreathApp.UWP.csproj", "{8BAB1593-6990-40A8-BC4F-F4B773F5EC7F}"
EndProject
Project("{FAE04EC0-301F-11D3-BF4B-00C04F79EFBC}") = "BreathApp", "BreathApp\BreathApp\BreathApp.csproj", "{299DEBEE-3534-40BA-8B98-3A3BC93AA7CE}"
EndProject
Global
	GlobalSection(SolutionConfigurationPlatforms) = preSolution
		Ad-Hoc|Any CPU = Ad-Hoc|Any CPU
		Ad-Hoc|ARM = Ad-Hoc|ARM
		Ad-Hoc|iPhone = Ad-Hoc|iPhone
		Ad-Hoc|iPhoneSimulator = Ad-Hoc|iPhoneSimulator
		Ad-Hoc|x64 = Ad-Hoc|x64
		Ad-Hoc|x86 = Ad-Hoc|x86
		AppStore|Any CPU = AppStore|Any CPU
		AppStore|ARM = AppStore|ARM
		AppStore|iPhone = AppStore|iPhone
		AppStore|iPhoneSimulator = AppStore|iPhoneSimulator
		AppStore|x64 = AppStore|x64
		AppStore|x86 = AppStore|x86
		Debug|Any CPU = Debug|Any CPU
		Debug|ARM = Debug|ARM
		Debug|iPhone = Debug|iPhone
		Debug|iPhoneSimulator = Debug|iPhoneSimulator
		Debug|x64 = Debug|x64
		Debug|x86 = Debug|x86
		Release|Any CPU = Release|Any CPU
		Release|ARM = Release|ARM
		Release|iPhone = Release|iPhone
		Release|iPhoneSimulator = Release|iPhoneSimulator
		Release|x64 = Release|x64
		Release|x86 = Release|x86
	EndGlobalSection
	GlobalSection(ProjectConfigurationPlatforms) = postSolution
		{780DFCFF-0FE8-4B44-BF38-A582FA009AF0}.Ad-Hoc|Any CPU.ActiveCfg = Release|Any CPU
		{780DFCFF-0FE8-4B44-BF38-A582FA009AF0}.Ad-Hoc|Any CPU.Build.0 = Release|Any CPU
		{780DFCFF-0FE8-4B44-BF38-A582FA009AF0}.Ad-Hoc|Any CPU.Deploy.0 = Release|Any CPU
		{780DFCFF-0FE8-4B44-BF38-A582FA009AF0}.Ad-Hoc|ARM.ActiveCfg = Release|Any CPU
		{780DFCFF-0FE8-4B44-BF38-A582FA009AF0}.Ad-Hoc|ARM.Build.0 = Release|Any CPU
		{780DFCFF-0FE8-4B44-BF38-A582FA009AF0}.Ad-Hoc|ARM.Deploy.0 = Release|Any CPU
		{780DFCFF-0FE8-4B44-BF38-A582FA009AF0}.Ad-Hoc|iPhone.ActiveCfg = Release|Any CPU
		{780DFCFF-0FE8-4B44-BF38-A582FA009AF0}.Ad-Hoc|iPhone.Build.0 = Release|Any CPU
		{780DFCFF-0FE8-4B44-BF38-A582FA009AF0}.Ad-Hoc|iPhone.Deploy.0 = Release|Any CPU
		{780DFCFF-0FE8-4B44-BF38-A582FA009AF0}.Ad-Hoc|iPhoneSimulator.ActiveCfg = Release|Any CPU
		{780DFCFF-0FE8-4B44-BF38-A582FA009AF0}.Ad-Hoc|iPhoneSimulator.Build.0 = Release|Any CPU
		{780DFCFF-0FE8-4B44-BF38-A582FA009AF0}.Ad-Hoc|iPhoneSimulator.Deploy.0 = Release|Any CPU
		{780DFCFF-0FE8-4B44-BF38-A582FA009AF0}.Ad-Hoc|x64.ActiveCfg = Release|Any CPU
		{780DFCFF-0FE8-4B44-BF38-A582FA009AF0}.Ad-Hoc|x64.Build.0 = Release|Any CPU
		{780DFCFF-0FE8-4B44-BF38-A582FA009AF0}.Ad-Hoc|x64.Deploy.0 = Release|Any CPU
		{780DFCFF-0FE8-4B44-BF38-A582FA009AF0}.Ad-Hoc|x86.ActiveCfg = Release|Any CPU
		{780DFCFF-0FE8-4B44-BF38-A582FA009AF0}.Ad-Hoc|x86.Build.0 = Release|Any CPU
		{780DFCFF-0FE8-4B44-BF38-A582FA009AF0}.Ad-Hoc|x86.Deploy.0 = Release|Any CPU
		{780DFCFF-0FE8-4B44-BF38-A582FA009AF0}.AppStore|Any CPU.ActiveCfg = Release|Any CPU
		{780DFCFF-0FE8-4B44-BF38-A582FA009AF0}.AppStore|Any CPU.Build.0 = Release|Any CPU
		{780DFCFF-0FE8-4B44-BF38-A582FA009AF0}.AppStore|Any CPU.Deploy.0 = Release|Any CPU
		{780DFCFF-0FE8-4B44-BF38-A582FA009AF0}.AppStore|ARM.ActiveCfg = Release|Any CPU
		{780DFCFF-0FE8-4B44-BF38-A582FA009AF0}.AppStore|ARM.Build.0 = Release|Any CPU
		{780DFCFF-0FE8-4B44-BF38-A582FA009AF0}.AppStore|ARM.Deploy.0 = Release|Any CPU
		{780DFCFF-0FE8-4B44-BF38-A582FA009AF0}.AppStore|iPhone.ActiveCfg = Release|Any CPU
		{780DFCFF-0FE8-4B44-BF38-A582FA009AF0}.AppStore|iPhone.Build.0 = Release|Any CPU
		{780DFCFF-0FE8-4B44-BF38-A582FA009AF0}.AppStore|iPhone.Deploy.0 = Release|Any CPU
		{780DFCFF-0FE8-4B44-BF38-A582FA009AF0}.AppStore|iPhoneSimulator.ActiveCfg = Release|Any CPU
		{780DFCFF-0FE8-4B44-BF38-A582FA009AF0}.AppStore|iPhoneSimulator.Build.0 = Release|Any CPU
		{780DFCFF-0FE8-4B44-BF38-A582FA009AF0}.AppStore|iPhoneSimulator.Deploy.0 = Release|Any CPU
		{780DFCFF-0FE8-4B44-BF38-A582FA009AF0}.AppStore|x64.ActiveCfg = Release|Any CPU
		{780DFCFF-0FE8-4B44-BF38-A582FA009AF0}.AppStore|x64.Build.0 = Release|Any CPU
		{780DFCFF-0FE8-4B44-BF38-A582FA009AF0}.AppStore|x64.Deploy.0 = Release|Any CPU
		{780DFCFF-0FE8-4B44-BF38-A582FA009AF0}.AppStore|x86.ActiveCfg = Release|Any CPU
		{780DFCFF-0FE8-4B44-BF38-A582FA009AF0}.AppStore|x86.Build.0 = Release|Any CPU
		{780DFCFF-0FE8-4B44-BF38-A582FA009AF0}.AppStore|x86.Deploy.0 = Release|Any CPU
		{780DFCFF-0FE8-4B44-BF38-A582FA009AF0}.Debug|Any CPU.ActiveCfg = Debug|Any CPU
		{780DFCFF-0FE8-4B44-BF38-A582FA009AF0}.Debug|Any CPU.Build.0 = Debug|Any CPU
		{780DFCFF-0FE8-4B44-BF38-A582FA009AF0}.Debug|Any CPU.Deploy.0 = Debug|Any CPU
		{780DFCFF-0FE8-4B44-BF38-A582FA009AF0}.Debug|ARM.ActiveCfg = Debug|Any CPU
		{780DFCFF-0FE8-4B44-BF38-A582FA009AF0}.Debug|ARM.Build.0 = Debug|Any CPU
		{780DFCFF-0FE8-4B44-BF38-A582FA009AF0}.Debug|ARM.Deploy.0 = Debug|Any CPU
		{780DFCFF-0FE8-4B44-BF38-A582FA009AF0}.Debug|iPhone.ActiveCfg = Debug|Any CPU
		{780DFCFF-0FE8-4B44-BF38-A582FA009AF0}.Debug|iPhone.Build.0 = Debug|Any CPU
		{780DFCFF-0FE8-4B44-BF38-A582FA009AF0}.Debug|iPhone.Deploy.0 = Debug|Any CPU
		{780DFCFF-0FE8-4B44-BF38-A582FA009AF0}.Debug|iPhoneSimulator.ActiveCfg = Debug|Any CPU
		{780DFCFF-0FE8-4B44-BF38-A582FA009AF0}.Debug|iPhoneSimulator.Build.0 = Debug|Any CPU
		{780DFCFF-0FE8-4B44-BF38-A582FA009AF0}.Debug|iPhoneSimulator.Deploy.0 = Debug|Any CPU
		{780DFCFF-0FE8-4B44-BF38-A582FA009AF0}.Debug|x64.ActiveCfg = Debug|Any CPU
		{780DFCFF-0FE8-4B44-BF38-A582FA009AF0}.Debug|x64.Build.0 = Debug|Any CPU
		{780DFCFF-0FE8-4B44-BF38-A582FA009AF0}.Debug|x64.Deploy.0 = Debug|Any CPU
		{780DFCFF-0FE8-4B44-BF38-A582FA009AF0}.Debug|x86.ActiveCfg = Debug|Any CPU
		{780DFCFF-0FE8-4B44-BF38-A582FA009AF0}.Debug|x86.Build.0 = Debug|Any CPU
		{780DFCFF-0FE8-4B44-BF38-A582FA009AF0}.Debug|x86.Deploy.0 = Debug|Any CPU
		{780DFCFF-0FE8-4B44-BF38-A582FA009AF0}.Release|Any CPU.ActiveCfg = Release|Any CPU
		{780DFCFF-0FE8-4B44-BF38-A582FA009AF0}.Release|Any CPU.Build.0 = Release|Any CPU
		{780DFCFF-0FE8-4B44-BF38-A582FA009AF0}.Release|Any CPU.Deploy.0 = Release|Any CPU
		{780DFCFF-0FE8-4B44-BF38-A582FA009AF0}.Release|ARM.ActiveCfg = Release|Any CPU
		{780DFCFF-0FE8-4B44-BF38-A582FA009AF0}.Release|ARM.Build.0 = Release|Any CPU
		{780DFCFF-0FE8-4B44-BF38-A582FA009AF0}.Release|ARM.Deploy.0 = Release|Any CPU
		{780DFCFF-0FE8-4B44-BF38-A582FA009AF0}.Release|iPhone.ActiveCfg = Release|Any CPU
		{780DFCFF-0FE8-4B44-BF38-A582FA009AF0}.Release|iPhone.Build.0 = Release|Any CPU
		{780DFCFF-0FE8-4B44-BF38-A582FA009AF0}.Release|iPhone.Deploy.0 = Release|Any CPU
		{780DFCFF-0FE8-4B44-BF38-A582FA009AF0}.Release|iPhoneSimulator.ActiveCfg = Release|Any CPU
		{780DFCFF-0FE8-4B44-BF38-A582FA009AF0}.Release|iPhoneSimulator.Build.0 = Release|Any CPU
		{780DFCFF-0FE8-4B44-BF38-A582FA009AF0}.Release|iPhoneSimulator.Deploy.0 = Release|Any CPU
		{780DFCFF-0FE8-4B44-BF38-A582FA009AF0}.Release|x64.ActiveCfg = Release|Any CPU
		{780DFCFF-0FE8-4B44-BF38-A582FA009AF0}.Release|x64.Build.0 = Release|Any CPU
		{780DFCFF-0FE8-4B44-BF38-A582FA009AF0}.Release|x64.Deploy.0 = Release|Any CPU
		{780DFCFF-0FE8-4B44-BF38-A582FA009AF0}.Release|x86.ActiveCfg = Release|Any CPU
		{780DFCFF-0FE8-4B44-BF38-A582FA009AF0}.Release|x86.Build.0 = Release|Any CPU
		{780DFCFF-0FE8-4B44-BF38-A582FA009AF0}.Release|x86.Deploy.0 = Release|Any CPU
		{75721CCD-E35F-4C74-9388-D7852AE0788E}.Ad-Hoc|Any CPU.ActiveCfg = Ad-Hoc|iPhone
		{75721CCD-E35F-4C74-9388-D7852AE0788E}.Ad-Hoc|Any CPU.Build.0 = Ad-Hoc|iPhone
		{75721CCD-E35F-4C74-9388-D7852AE0788E}.Ad-Hoc|Any CPU.Deploy.0 = Ad-Hoc|iPhone
		{75721CCD-E35F-4C74-9388-D7852AE0788E}.Ad-Hoc|ARM.ActiveCfg = Ad-Hoc|iPhone
		{75721CCD-E35F-4C74-9388-D7852AE0788E}.Ad-Hoc|ARM.Build.0 = Ad-Hoc|iPhone
		{75721CCD-E35F-4C74-9388-D7852AE0788E}.Ad-Hoc|ARM.Deploy.0 = Ad-Hoc|iPhone
		{75721CCD-E35F-4C74-9388-D7852AE0788E}.Ad-Hoc|iPhone.ActiveCfg = Ad-Hoc|iPhone
		{75721CCD-E35F-4C74-9388-D7852AE0788E}.Ad-Hoc|iPhone.Build.0 = Ad-Hoc|iPhone
		{75721CCD-E35F-4C74-9388-D7852AE0788E}.Ad-Hoc|iPhone.Deploy.0 = Ad-Hoc|iPhone
		{75721CCD-E35F-4C74-9388-D7852AE0788E}.Ad-Hoc|iPhoneSimulator.ActiveCfg = Ad-Hoc|iPhoneSimulator
		{75721CCD-E35F-4C74-9388-D7852AE0788E}.Ad-Hoc|iPhoneSimulator.Build.0 = Ad-Hoc|iPhoneSimulator
		{75721CCD-E35F-4C74-9388-D7852AE0788E}.Ad-Hoc|iPhoneSimulator.Deploy.0 = Ad-Hoc|iPhoneSimulator
		{75721CCD-E35F-4C74-9388-D7852AE0788E}.Ad-Hoc|x64.ActiveCfg = Ad-Hoc|iPhone
		{75721CCD-E35F-4C74-9388-D7852AE0788E}.Ad-Hoc|x64.Build.0 = Ad-Hoc|iPhone
		{75721CCD-E35F-4C74-9388-D7852AE0788E}.Ad-Hoc|x64.Deploy.0 = Ad-Hoc|iPhone
		{75721CCD-E35F-4C74-9388-D7852AE0788E}.Ad-Hoc|x86.ActiveCfg = Ad-Hoc|iPhone
		{75721CCD-E35F-4C74-9388-D7852AE0788E}.Ad-Hoc|x86.Build.0 = Ad-Hoc|iPhone
		{75721CCD-E35F-4C74-9388-D7852AE0788E}.Ad-Hoc|x86.Deploy.0 = Ad-Hoc|iPhone
		{75721CCD-E35F-4C74-9388-D7852AE0788E}.AppStore|Any CPU.ActiveCfg = AppStore|iPhone
		{75721CCD-E35F-4C74-9388-D7852AE0788E}.AppStore|Any CPU.Build.0 = AppStore|iPhone
		{75721CCD-E35F-4C74-9388-D7852AE0788E}.AppStore|Any CPU.Deploy.0 = AppStore|iPhone
		{75721CCD-E35F-4C74-9388-D7852AE0788E}.AppStore|ARM.ActiveCfg = AppStore|iPhone
		{75721CCD-E35F-4C74-9388-D7852AE0788E}.AppStore|ARM.Build.0 = AppStore|iPhone
		{75721CCD-E35F-4C74-9388-D7852AE0788E}.AppStore|ARM.Deploy.0 = AppStore|iPhone
		{75721CCD-E35F-4C74-9388-D7852AE0788E}.AppStore|iPhone.ActiveCfg = AppStore|iPhone
		{75721CCD-E35F-4C74-9388-D7852AE0788E}.AppStore|iPhone.Build.0 = AppStore|iPhone
		{75721CCD-E35F-4C74-9388-D7852AE0788E}.AppStore|iPhone.Deploy.0 = AppStore|iPhone
		{75721CCD-E35F-4C74-9388-D7852AE0788E}.AppStore|iPhoneSimulator.ActiveCfg = AppStore|iPhoneSimulator
		{75721CCD-E35F-4C74-9388-D7852AE0788E}.AppStore|iPhoneSimulator.Build.0 = AppStore|iPhoneSimulator
		{75721CCD-E35F-4C74-9388-D7852AE0788E}.AppStore|iPhoneSimulator.Deploy.0 = AppStore|iPhoneSimulator
		{75721CCD-E35F-4C74-9388-D7852AE0788E}.AppStore|x64.ActiveCfg = AppStore|iPhone
		{75721CCD-E35F-4C74-9388-D7852AE0788E}.AppStore|x64.Build.0 = AppStore|iPhone
		{75721CCD-E35F-4C74-9388-D7852AE0788E}.AppStore|x64.Deploy.0 = AppStore|iPhone
		{75721CCD-E35F-4C74-9388-D7852AE0788E}.AppStore|x86.ActiveCfg = AppStore|iPhone
		{75721CCD-E35F-4C74-9388-D7852AE0788E}.AppStore|x86.Build.0 = AppStore|iPhone
		{75721CCD-E35F-4C74-9388-D7852AE0788E}.AppStore|x86.Deploy.0 = AppStore|iPhone
		{75721CCD-E35F-4C74-9388-D7852AE0788E}.Debug|Any CPU.ActiveCfg = Debug|iPhoneSimulator
		{75721CCD-E35F-4C74-9388-D7852AE0788E}.Debug|Any CPU.Build.0 = Debug|iPhoneSimulator
		{75721CCD-E35F-4C74-9388-D7852AE0788E}.Debug|Any CPU.Deploy.0 = Debug|iPhoneSimulator
		{75721CCD-E35F-4C74-9388-D7852AE0788E}.Debug|ARM.ActiveCfg = Debug|iPhone
		{75721CCD-E35F-4C74-9388-D7852AE0788E}.Debug|ARM.Build.0 = Debug|iPhone
		{75721CCD-E35F-4C74-9388-D7852AE0788E}.Debug|ARM.Deploy.0 = Debug|iPhone
		{75721CCD-E35F-4C74-9388-D7852AE0788E}.Debug|iPhone.ActiveCfg = Debug|iPhone
		{75721CCD-E35F-4C74-9388-D7852AE0788E}.Debug|iPhone.Build.0 = Debug|iPhone
		{75721CCD-E35F-4C74-9388-D7852AE0788E}.Debug|iPhone.Deploy.0 = Debug|iPhone
		{75721CCD-E35F-4C74-9388-D7852AE0788E}.Debug|iPhoneSimulator.ActiveCfg = Debug|iPhoneSimulator
		{75721CCD-E35F-4C74-9388-D7852AE0788E}.Debug|iPhoneSimulator.Build.0 = Debug|iPhoneSimulator
		{75721CCD-E35F-4C74-9388-D7852AE0788E}.Debug|iPhoneSimulator.Deploy.0 = Debug|iPhoneSimulator
		{75721CCD-E35F-4C74-9388-D7852AE0788E}.Debug|x64.ActiveCfg = Debug|iPhone
		{75721CCD-E35F-4C74-9388-D7852AE0788E}.Debug|x64.Build.0 = Debug|iPhone
		{75721CCD-E35F-4C74-9388-D7852AE0788E}.Debug|x64.Deploy.0 = Debug|iPhone
		{75721CCD-E35F-4C74-9388-D7852AE0788E}.Debug|x86.ActiveCfg = Debug|iPhone
		{75721CCD-E35F-4C74-9388-D7852AE0788E}.Debug|x86.Build.0 = Debug|iPhone
		{75721CCD-E35F-4C74-9388-D7852AE0788E}.Debug|x86.Deploy.0 = Debug|iPhone
		{75721CCD-E35F-4C74-9388-D7852AE0788E}.Release|Any CPU.ActiveCfg = Release|iPhone
		{75721CCD-E35F-4C74-9388-D7852AE0788E}.Release|Any CPU.Build.0 = Release|iPhone
		{75721CCD-E35F-4C74-9388-D7852AE0788E}.Release|Any CPU.Deploy.0 = Release|iPhone
		{75721CCD-E35F-4C74-9388-D7852AE0788E}.Release|ARM.ActiveCfg = Release|iPhone
		{75721CCD-E35F-4C74-9388-D7852AE0788E}.Release|ARM.Build.0 = Release|iPhone
		{75721CCD-E35F-4C74-9388-D7852AE0788E}.Release|ARM.Deploy.0 = Release|iPhone
		{75721CCD-E35F-4C74-9388-D7852AE0788E}.Release|iPhone.ActiveCfg = Release|iPhone
		{75721CCD-E35F-4C74-9388-D7852AE0788E}.Release|iPhone.Build.0 = Release|iPhone
		{75721CCD-E35F-4C74-9388-D7852AE0788E}.Release|iPhone.Deploy.0 = Release|iPhone
		{75721CCD-E35F-4C74-9388-D7852AE0788E}.Release|iPhoneSimulator.ActiveCfg = Release|iPhoneSimulator
		{75721CCD-E35F-4C74-9388-D7852AE0788E}.Release|iPhoneSimulator.Build.0 = Release|iPhoneSimulator
		{75721CCD-E35F-4C74-9388-D7852AE0788E}.Release|iPhoneSimulator.Deploy.0 = Release|iPhoneSimulator
		{75721CCD-E35F-4C74-9388-D7852AE0788E}.Release|x64.ActiveCfg = Release|iPhone
		{75721CCD-E35F-4C74-9388-D7852AE0788E}.Release|x64.Build.0 = Release|iPhone
		{75721CCD-E35F-4C74-9388-D7852AE0788E}.Release|x64.Deploy.0 = Release|iPhone
		{75721CCD-E35F-4C74-9388-D7852AE0788E}.Release|x86.ActiveCfg = Release|iPhone
		{75721CCD-E35F-4C74-9388-D7852AE0788E}.Release|x86.Build.0 = Release|iPhone
		{75721CCD-E35F-4C74-9388-D7852AE0788E}.Release|x86.Deploy.0 = Release|iPhone
		{8BAB1593-6990-40A8-BC4F-F4B773F5EC7F}.Ad-Hoc|Any CPU.ActiveCfg = Release|x86
		{8BAB1593-6990-40A8-BC4F-F4B773F5EC7F}.Ad-Hoc|Any CPU.Build.0 = Release|x86
		{8BAB1593-6990-40A8-BC4F-F4B773F5EC7F}.Ad-Hoc|Any CPU.Deploy.0 = Release|x86
		{8BAB1593-6990-40A8-BC4F-F4B773F5EC7F}.Ad-Hoc|ARM.ActiveCfg = Release|ARM
		{8BAB1593-6990-40A8-BC4F-F4B773F5EC7F}.Ad-Hoc|ARM.Build.0 = Release|ARM
		{8BAB1593-6990-40A8-BC4F-F4B773F5EC7F}.Ad-Hoc|ARM.Deploy.0 = Release|ARM
		{8BAB1593-6990-40A8-BC4F-F4B773F5EC7F}.Ad-Hoc|iPhone.ActiveCfg = Release|x86
		{8BAB1593-6990-40A8-BC4F-F4B773F5EC7F}.Ad-Hoc|iPhone.Build.0 = Release|x86
		{8BAB1593-6990-40A8-BC4F-F4B773F5EC7F}.Ad-Hoc|iPhone.Deploy.0 = Release|x86
		{8BAB1593-6990-40A8-BC4F-F4B773F5EC7F}.Ad-Hoc|iPhoneSimulator.ActiveCfg = Release|x86
		{8BAB1593-6990-40A8-BC4F-F4B773F5EC7F}.Ad-Hoc|iPhoneSimulator.Build.0 = Release|x86
		{8BAB1593-6990-40A8-BC4F-F4B773F5EC7F}.Ad-Hoc|iPhoneSimulator.Deploy.0 = Release|x86
		{8BAB1593-6990-40A8-BC4F-F4B773F5EC7F}.Ad-Hoc|x64.ActiveCfg = Release|x64
		{8BAB1593-6990-40A8-BC4F-F4B773F5EC7F}.Ad-Hoc|x64.Build.0 = Release|x64
		{8BAB1593-6990-40A8-BC4F-F4B773F5EC7F}.Ad-Hoc|x64.Deploy.0 = Release|x64
		{8BAB1593-6990-40A8-BC4F-F4B773F5EC7F}.Ad-Hoc|x86.ActiveCfg = Release|x86
		{8BAB1593-6990-40A8-BC4F-F4B773F5EC7F}.Ad-Hoc|x86.Build.0 = Release|x86
		{8BAB1593-6990-40A8-BC4F-F4B773F5EC7F}.Ad-Hoc|x86.Deploy.0 = Release|x86
		{8BAB1593-6990-40A8-BC4F-F4B773F5EC7F}.AppStore|Any CPU.ActiveCfg = Release|x86
		{8BAB1593-6990-40A8-BC4F-F4B773F5EC7F}.AppStore|Any CPU.Build.0 = Release|x86
		{8BAB1593-6990-40A8-BC4F-F4B773F5EC7F}.AppStore|Any CPU.Deploy.0 = Release|x86
		{8BAB1593-6990-40A8-BC4F-F4B773F5EC7F}.AppStore|ARM.ActiveCfg = Release|ARM
		{8BAB1593-6990-40A8-BC4F-F4B773F5EC7F}.AppStore|ARM.Build.0 = Release|ARM
		{8BAB1593-6990-40A8-BC4F-F4B773F5EC7F}.AppStore|ARM.Deploy.0 = Release|ARM
		{8BAB1593-6990-40A8-BC4F-F4B773F5EC7F}.AppStore|iPhone.ActiveCfg = Release|x86
		{8BAB1593-6990-40A8-BC4F-F4B773F5EC7F}.AppStore|iPhone.Build.0 = Release|x86
		{8BAB1593-6990-40A8-BC4F-F4B773F5EC7F}.AppStore|iPhone.Deploy.0 = Release|x86
		{8BAB1593-6990-40A8-BC4F-F4B773F5EC7F}.AppStore|iPhoneSimulator.ActiveCfg = Release|x86
		{8BAB1593-6990-40A8-BC4F-F4B773F5EC7F}.AppStore|iPhoneSimulator.Build.0 = Release|x86
		{8BAB1593-6990-40A8-BC4F-F4B773F5EC7F}.AppStore|iPhoneSimulator.Deploy.0 = Release|x86
		{8BAB1593-6990-40A8-BC4F-F4B773F5EC7F}.AppStore|x64.ActiveCfg = Release|x64
		{8BAB1593-6990-40A8-BC4F-F4B773F5EC7F}.AppStore|x64.Build.0 = Release|x64
		{8BAB1593-6990-40A8-BC4F-F4B773F5EC7F}.AppStore|x64.Deploy.0 = Release|x64
		{8BAB1593-6990-40A8-BC4F-F4B773F5EC7F}.AppStore|x86.ActiveCfg = Release|x86
		{8BAB1593-6990-40A8-BC4F-F4B773F5EC7F}.AppStore|x86.Build.0 = Release|x86
		{8BAB1593-6990-40A8-BC4F-F4B773F5EC7F}.AppStore|x86.Deploy.0 = Release|x86
		{8BAB1593-6990-40A8-BC4F-F4B773F5EC7F}.Debug|Any CPU.ActiveCfg = Debug|x86
		{8BAB1593-6990-40A8-BC4F-F4B773F5EC7F}.Debug|Any CPU.Build.0 = Debug|x86
		{8BAB1593-6990-40A8-BC4F-F4B773F5EC7F}.Debug|Any CPU.Deploy.0 = Debug|x86
		{8BAB1593-6990-40A8-BC4F-F4B773F5EC7F}.Debug|ARM.ActiveCfg = Debug|ARM
		{8BAB1593-6990-40A8-BC4F-F4B773F5EC7F}.Debug|ARM.Build.0 = Debug|ARM
		{8BAB1593-6990-40A8-BC4F-F4B773F5EC7F}.Debug|ARM.Deploy.0 = Debug|ARM
		{8BAB1593-6990-40A8-BC4F-F4B773F5EC7F}.Debug|iPhone.ActiveCfg = Debug|x86
		{8BAB1593-6990-40A8-BC4F-F4B773F5EC7F}.Debug|iPhone.Build.0 = Debug|x86
		{8BAB1593-6990-40A8-BC4F-F4B773F5EC7F}.Debug|iPhone.Deploy.0 = Debug|x86
		{8BAB1593-6990-40A8-BC4F-F4B773F5EC7F}.Debug|iPhoneSimulator.ActiveCfg = Debug|x86
		{8BAB1593-6990-40A8-BC4F-F4B773F5EC7F}.Debug|iPhoneSimulator.Build.0 = Debug|x86
		{8BAB1593-6990-40A8-BC4F-F4B773F5EC7F}.Debug|iPhoneSimulator.Deploy.0 = Debug|x86
		{8BAB1593-6990-40A8-BC4F-F4B773F5EC7F}.Debug|x64.ActiveCfg = Debug|x64
		{8BAB1593-6990-40A8-BC4F-F4B773F5EC7F}.Debug|x64.Build.0 = Debug|x64
		{8BAB1593-6990-40A8-BC4F-F4B773F5EC7F}.Debug|x64.Deploy.0 = Debug|x64
		{8BAB1593-6990-40A8-BC4F-F4B773F5EC7F}.Debug|x86.ActiveCfg = Debug|x86
		{8BAB1593-6990-40A8-BC4F-F4B773F5EC7F}.Debug|x86.Build.0 = Debug|x86
		{8BAB1593-6990-40A8-BC4F-F4B773F5EC7F}.Debug|x86.Deploy.0 = Debug|x86
		{8BAB1593-6990-40A8-BC4F-F4B773F5EC7F}.Release|Any CPU.ActiveCfg = Release|x86
		{8BAB1593-6990-40A8-BC4F-F4B773F5EC7F}.Release|Any CPU.Build.0 = Release|x86
		{8BAB1593-6990-40A8-BC4F-F4B773F5EC7F}.Release|Any CPU.Deploy.0 = Release|x86
		{8BAB1593-6990-40A8-BC4F-F4B773F5EC7F}.Release|ARM.ActiveCfg = Release|ARM
		{8BAB1593-6990-40A8-BC4F-F4B773F5EC7F}.Release|ARM.Build.0 = Release|ARM
		{8BAB1593-6990-40A8-BC4F-F4B773F5EC7F}.Release|ARM.Deploy.0 = Release|ARM
		{8BAB1593-6990-40A8-BC4F-F4B773F5EC7F}.Release|iPhone.ActiveCfg = Release|x86
		{8BAB1593-6990-40A8-BC4F-F4B773F5EC7F}.Release|iPhone.Build.0 = Release|x86
		{8BAB1593-6990-40A8-BC4F-F4B773F5EC7F}.Release|iPhone.Deploy.0 = Release|x86
		{8BAB1593-6990-40A8-BC4F-F4B773F5EC7F}.Release|iPhoneSimulator.ActiveCfg = Release|x86
		{8BAB1593-6990-40A8-BC4F-F4B773F5EC7F}.Release|iPhoneSimulator.Build.0 = Release|x86
		{8BAB1593-6990-40A8-BC4F-F4B773F5EC7F}.Release|iPhoneSimulator.Deploy.0 = Release|x86
		{8BAB1593-6990-40A8-BC4F-F4B773F5EC7F}.Release|x64.ActiveCfg = Release|x64
		{8BAB1593-6990-40A8-BC4F-F4B773F5EC7F}.Release|x64.Build.0 = Release|x64
		{8BAB1593-6990-40A8-BC4F-F4B773F5EC7F}.Release|x64.Deploy.0 = Release|x64
		{8BAB1593-6990-40A8-BC4F-F4B773F5EC7F}.Release|x86.ActiveCfg = Release|x86
		{8BAB1593-6990-40A8-BC4F-F4B773F5EC7F}.Release|x86.Build.0 = Release|x86
		{8BAB1593-6990-40A8-BC4F-F4B773F5EC7F}.Release|x86.Deploy.0 = Release|x86
		{299DEBEE-3534-40BA-8B98-3A3BC93AA7CE}.Ad-Hoc|Any CPU.ActiveCfg = Debug|Any CPU
		{299DEBEE-3534-40BA-8B98-3A3BC93AA7CE}.Ad-Hoc|Any CPU.Build.0 = Debug|Any CPU
		{299DEBEE-3534-40BA-8B98-3A3BC93AA7CE}.Ad-Hoc|Any CPU.Deploy.0 = Debug|Any CPU
		{299DEBEE-3534-40BA-8B98-3A3BC93AA7CE}.Ad-Hoc|ARM.ActiveCfg = Debug|Any CPU
		{299DEBEE-3534-40BA-8B98-3A3BC93AA7CE}.Ad-Hoc|ARM.Build.0 = Debug|Any CPU
		{299DEBEE-3534-40BA-8B98-3A3BC93AA7CE}.Ad-Hoc|ARM.Deploy.0 = Debug|Any CPU
		{299DEBEE-3534-40BA-8B98-3A3BC93AA7CE}.Ad-Hoc|iPhone.ActiveCfg = Debug|Any CPU
		{299DEBEE-3534-40BA-8B98-3A3BC93AA7CE}.Ad-Hoc|iPhone.Build.0 = Debug|Any CPU
		{299DEBEE-3534-40BA-8B98-3A3BC93AA7CE}.Ad-Hoc|iPhone.Deploy.0 = Debug|Any CPU
		{299DEBEE-3534-40BA-8B98-3A3BC93AA7CE}.Ad-Hoc|iPhoneSimulator.ActiveCfg = Debug|Any CPU
		{299DEBEE-3534-40BA-8B98-3A3BC93AA7CE}.Ad-Hoc|iPhoneSimulator.Build.0 = Debug|Any CPU
		{299DEBEE-3534-40BA-8B98-3A3BC93AA7CE}.Ad-Hoc|iPhoneSimulator.Deploy.0 = Debug|Any CPU
		{299DEBEE-3534-40BA-8B98-3A3BC93AA7CE}.Ad-Hoc|x64.ActiveCfg = Debug|Any CPU
		{299DEBEE-3534-40BA-8B98-3A3BC93AA7CE}.Ad-Hoc|x64.Build.0 = Debug|Any CPU
		{299DEBEE-3534-40BA-8B98-3A3BC93AA7CE}.Ad-Hoc|x64.Deploy.0 = Debug|Any CPU
		{299DEBEE-3534-40BA-8B98-3A3BC93AA7CE}.Ad-Hoc|x86.ActiveCfg = Debug|Any CPU
		{299DEBEE-3534-40BA-8B98-3A3BC93AA7CE}.Ad-Hoc|x86.Build.0 = Debug|Any CPU
		{299DEBEE-3534-40BA-8B98-3A3BC93AA7CE}.Ad-Hoc|x86.Deploy.0 = Debug|Any CPU
		{299DEBEE-3534-40BA-8B98-3A3BC93AA7CE}.AppStore|Any CPU.ActiveCfg = Debug|Any CPU
		{299DEBEE-3534-40BA-8B98-3A3BC93AA7CE}.AppStore|Any CPU.Build.0 = Debug|Any CPU
		{299DEBEE-3534-40BA-8B98-3A3BC93AA7CE}.AppStore|Any CPU.Deploy.0 = Debug|Any CPU
		{299DEBEE-3534-40BA-8B98-3A3BC93AA7CE}.AppStore|ARM.ActiveCfg = Debug|Any CPU
		{299DEBEE-3534-40BA-8B98-3A3BC93AA7CE}.AppStore|ARM.Build.0 = Debug|Any CPU
		{299DEBEE-3534-40BA-8B98-3A3BC93AA7CE}.AppStore|ARM.Deploy.0 = Debug|Any CPU
		{299DEBEE-3534-40BA-8B98-3A3BC93AA7CE}.AppStore|iPhone.ActiveCfg = Debug|Any CPU
		{299DEBEE-3534-40BA-8B98-3A3BC93AA7CE}.AppStore|iPhone.Build.0 = Debug|Any CPU
		{299DEBEE-3534-40BA-8B98-3A3BC93AA7CE}.AppStore|iPhone.Deploy.0 = Debug|Any CPU
		{299DEBEE-3534-40BA-8B98-3A3BC93AA7CE}.AppStore|iPhoneSimulator.ActiveCfg = Debug|Any CPU
		{299DEBEE-3534-40BA-8B98-3A3BC93AA7CE}.AppStore|iPhoneSimulator.Build.0 = Debug|Any CPU
		{299DEBEE-3534-40BA-8B98-3A3BC93AA7CE}.AppStore|iPhoneSimulator.Deploy.0 = Debug|Any CPU
		{299DEBEE-3534-40BA-8B98-3A3BC93AA7CE}.AppStore|x64.ActiveCfg = Debug|Any CPU
		{299DEBEE-3534-40BA-8B98-3A3BC93AA7CE}.AppStore|x64.Build.0 = Debug|Any CPU
		{299DEBEE-3534-40BA-8B98-3A3BC93AA7CE}.AppStore|x64.Deploy.0 = Debug|Any CPU
		{299DEBEE-3534-40BA-8B98-3A3BC93AA7CE}.AppStore|x86.ActiveCfg = Debug|Any CPU
		{299DEBEE-3534-40BA-8B98-3A3BC93AA7CE}.AppStore|x86.Build.0 = Debug|Any CPU
		{299DEBEE-3534-40BA-8B98-3A3BC93AA7CE}.AppStore|x86.Deploy.0 = Debug|Any CPU
		{299DEBEE-3534-40BA-8B98-3A3BC93AA7CE}.Debug|Any CPU.ActiveCfg = Debug|Any CPU
		{299DEBEE-3534-40BA-8B98-3A3BC93AA7CE}.Debug|Any CPU.Build.0 = Debug|Any CPU
		{299DEBEE-3534-40BA-8B98-3A3BC93AA7CE}.Debug|Any CPU.Deploy.0 = Debug|Any CPU
		{299DEBEE-3534-40BA-8B98-3A3BC93AA7CE}.Debug|ARM.ActiveCfg = Debug|Any CPU
		{299DEBEE-3534-40BA-8B98-3A3BC93AA7CE}.Debug|ARM.Build.0 = Debug|Any CPU
		{299DEBEE-3534-40BA-8B98-3A3BC93AA7CE}.Debug|ARM.Deploy.0 = Debug|Any CPU
		{299DEBEE-3534-40BA-8B98-3A3BC93AA7CE}.Debug|iPhone.ActiveCfg = Debug|Any CPU
		{299DEBEE-3534-40BA-8B98-3A3BC93AA7CE}.Debug|iPhone.Build.0 = Debug|Any CPU
		{299DEBEE-3534-40BA-8B98-3A3BC93AA7CE}.Debug|iPhone.Deploy.0 = Debug|Any CPU
		{299DEBEE-3534-40BA-8B98-3A3BC93AA7CE}.Debug|iPhoneSimulator.ActiveCfg = Debug|Any CPU
		{299DEBEE-3534-40BA-8B98-3A3BC93AA7CE}.Debug|iPhoneSimulator.Build.0 = Debug|Any CPU
		{299DEBEE-3534-40BA-8B98-3A3BC93AA7CE}.Debug|iPhoneSimulator.Deploy.0 = Debug|Any CPU
		{299DEBEE-3534-40BA-8B98-3A3BC93AA7CE}.Debug|x64.ActiveCfg = Debug|Any CPU
		{299DEBEE-3534-40BA-8B98-3A3BC93AA7CE}.Debug|x64.Build.0 = Debug|Any CPU
		{299DEBEE-3534-40BA-8B98-3A3BC93AA7CE}.Debug|x64.Deploy.0 = Debug|Any CPU
		{299DEBEE-3534-40BA-8B98-3A3BC93AA7CE}.Debug|x86.ActiveCfg = Debug|Any CPU
		{299DEBEE-3534-40BA-8B98-3A3BC93AA7CE}.Debug|x86.Build.0 = Debug|Any CPU
		{299DEBEE-3534-40BA-8B98-3A3BC93AA7CE}.Debug|x86.Deploy.0 = Debug|Any CPU
		{299DEBEE-3534-40BA-8B98-3A3BC93AA7CE}.Release|Any CPU.ActiveCfg = Release|Any CPU
		{299DEBEE-3534-40BA-8B98-3A3BC93AA7CE}.Release|Any CPU.Build.0 = Release|Any CPU
		{299DEBEE-3534-40BA-8B98-3A3BC93AA7CE}.Release|Any CPU.Deploy.0 = Release|Any CPU
		{299DEBEE-3534-40BA-8B98-3A3BC93AA7CE}.Release|ARM.ActiveCfg = Release|Any CPU
		{299DEBEE-3534-40BA-8B98-3A3BC93AA7CE}.Release|ARM.Build.0 = Release|Any CPU
		{299DEBEE-3534-40BA-8B98-3A3BC93AA7CE}.Release|ARM.Deploy.0 = Release|Any CPU
		{299DEBEE-3534-40BA-8B98-3A3BC93AA7CE}.Release|iPhone.ActiveCfg = Release|Any CPU
		{299DEBEE-3534-40BA-8B98-3A3BC93AA7CE}.Release|iPhone.Build.0 = Release|Any CPU
		{299DEBEE-3534-40BA-8B98-3A3BC93AA7CE}.Release|iPhone.Deploy.0 = Release|Any CPU
		{299DEBEE-3534-40BA-8B98-3A3BC93AA7CE}.Release|iPhoneSimulator.ActiveCfg = Release|Any CPU
		{299DEBEE-3534-40BA-8B98-3A3BC93AA7CE}.Release|iPhoneSimulator.Build.0 = Release|Any CPU
		{299DEBEE-3534-40BA-8B98-3A3BC93AA7CE}.Release|iPhoneSimulator.Deploy.0 = Release|Any CPU
		{299DEBEE-3534-40BA-8B98-3A3BC93AA7CE}.Release|x64.ActiveCfg = Release|Any CPU
		{299DEBEE-3534-40BA-8B98-3A3BC93AA7CE}.Release|x64.Build.0 = Release|Any CPU
		{299DEBEE-3534-40BA-8B98-3A3BC93AA7CE}.Release|x64.Deploy.0 = Release|Any CPU
		{299DEBEE-3534-40BA-8B98-3A3BC93AA7CE}.Release|x86.ActiveCfg = Release|Any CPU
		{299DEBEE-3534-40BA-8B98-3A3BC93AA7CE}.Release|x86.Build.0 = Release|Any CPU
		{299DEBEE-3534-40BA-8B98-3A3BC93AA7CE}.Release|x86.Deploy.0 = Release|Any CPU
	EndGlobalSection
	GlobalSection(SolutionProperties) = preSolution
		HideSolutionNode = FALSE
	EndGlobalSection
	GlobalSection(ExtensibilityGlobals) = postSolution
		SolutionGuid = {24D0EC09-AD9E-400E-A9D2-430193595EF3}
	EndGlobalSection
EndGlobal
